
Microsoft Visual Studio Solution File, Format Version 12.00
Project("{FAE04EC0-301F-11D3-BF4B-00C04F79EFBC}") = "Monitor", "Monitor\Monitor.csproj", "{744D09A8-4AE5-4E2F-AED8-814DF51C4DED}"
EndProject
Project("{FAE04EC0-301F-11D3-BF4B-00C04F79EFBC}") = "API", "API\API.csproj", "{99B00129-9D2A-4DEA-A7BF-26F649B549D2}"
EndProject
Global
	GlobalSection(SolutionConfigurationPlatforms) = preSolution
		Debug|Any CPU = Debug|Any CPU
		Release|Any CPU = Release|Any CPU
	EndGlobalSection
	GlobalSection(ProjectConfigurationPlatforms) = postSolution
		{744D09A8-4AE5-4E2F-AED8-814DF51C4DED}.Debug|Any CPU.ActiveCfg = Debug|Any CPU
		{744D09A8-4AE5-4E2F-AED8-814DF51C4DED}.Debug|Any CPU.Build.0 = Debug|Any CPU
		{744D09A8-4AE5-4E2F-AED8-814DF51C4DED}.Release|Any CPU.ActiveCfg = Release|Any CPU
		{744D09A8-4AE5-4E2F-AED8-814DF51C4DED}.Release|Any CPU.Build.0 = Release|Any CPU
		{99B00129-9D2A-4DEA-A7BF-26F649B549D2}.Debug|Any CPU.ActiveCfg = Debug|Any CPU
		{99B00129-9D2A-4DEA-A7BF-26F649B549D2}.Debug|Any CPU.Build.0 = Debug|Any CPU
		{99B00129-9D2A-4DEA-A7BF-26F649B549D2}.Release|Any CPU.ActiveCfg = Release|Any CPU
		{99B00129-9D2A-4DEA-A7BF-26F649B549D2}.Release|Any CPU.Build.0 = Release|Any CPU
	EndGlobalSection
EndGlobal
